PODS:
  - IBAnimatable (6.1.0)
  - IQKeyboardManager (6.5.10)

DEPENDENCIES:
  - IBAnimatable
  - IQKeyboardManager

SPEC REPOS:
  trunk:
    - IBAnimatable
    - IQKeyboardManager

SPEC CHECKSUMS:
  IBAnimatable: 99dddd4c0625884a301ba3ecbc1615f8a390368e
  IQKeyboardManager: 45a1fa55c1a5b02c61ac0fd7fd5b62bb4ad20d97

PODFILE CHECKSUM: 6e3fd3a8e9a4d90e2669587aebaec482d73eae9a

COCOAPODS: 1.11.2
